
Microsoft Visual Studio Solution File, Format Version 12.00
# Visual Studio 15
VisualStudioVersion = 15.0.27004.2005
MinimumVisualStudioVersion = 10.0.40219.1
Project("{FAE04EC0-301F-11D3-BF4B-00C04F79EFBC}") = "AutomatedTesting_2", "AutomatedTesting_2\AutomatedTesting_2.csproj", "{C4847CDA-AE79-49FE-B4F0-A49D47AC066B}"
EndProject
Global
	GlobalSection(SolutionConfigurationPlatforms) = preSolution
		Debug|Any CPU = Debug|Any CPU
		Release|Any CPU = Release|Any CPU
	EndGlobalSection
	GlobalSection(ProjectConfigurationPlatforms) = postSolution
		{C4847CDA-AE79-49FE-B4F0-A49D47AC066B}.Debug|Any CPU.ActiveCfg = Debug|Any CPU
		{C4847CDA-AE79-49FE-B4F0-A49D47AC066B}.Debug|Any CPU.Build.0 = Debug|Any CPU
		{C4847CDA-AE79-49FE-B4F0-A49D47AC066B}.Release|Any CPU.ActiveCfg = Release|Any CPU
		{C4847CDA-AE79-49FE-B4F0-A49D47AC066B}.Release|Any CPU.Build.0 = Release|Any CPU
	EndGlobalSection
	GlobalSection(SolutionProperties) = preSolution
		HideSolutionNode = FALSE
	EndGlobalSection
	GlobalSection(ExtensibilityGlobals) = postSolution
		SolutionGuid = {3810127A-E246-4E84-BEE4-59D026C7D36B}
	EndGlobalSection
EndGlobal
