
Microsoft Visual Studio Solution File, Format Version 12.00
# Visual Studio 15
VisualStudioVersion = 15.0.26730.12
MinimumVisualStudioVersion = 10.0.40219.1
Project("{FAE04EC0-301F-11D3-BF4B-00C04F79EFBC}") = "AutoTest", "AutoTest\AutoTest.csproj", "{EB50AA20-82C5-47ED-8CD0-B85EBA7D9FBA}"
EndProject
Global
	GlobalSection(SolutionConfigurationPlatforms) = preSolution
		Debug|Any CPU = Debug|Any CPU
		Release|Any CPU = Release|Any CPU
	EndGlobalSection
	GlobalSection(ProjectConfigurationPlatforms) = postSolution
		{EB50AA20-82C5-47ED-8CD0-B85EBA7D9FBA}.Debug|Any CPU.ActiveCfg = Debug|Any CPU
		{EB50AA20-82C5-47ED-8CD0-B85EBA7D9FBA}.Debug|Any CPU.Build.0 = Debug|Any CPU
		{EB50AA20-82C5-47ED-8CD0-B85EBA7D9FBA}.Release|Any CPU.ActiveCfg = Release|Any CPU
		{EB50AA20-82C5-47ED-8CD0-B85EBA7D9FBA}.Release|Any CPU.Build.0 = Release|Any CPU
	EndGlobalSection
	GlobalSection(SolutionProperties) = preSolution
		HideSolutionNode = FALSE
	EndGlobalSection
	GlobalSection(ExtensibilityGlobals) = postSolution
		SolutionGuid = {4D052E8D-A190-42DE-A3A0-6E26CBA7ED46}
	EndGlobalSection
EndGlobal
