
Microsoft Visual Studio Solution File, Format Version 12.00
# Visual Studio 15
VisualStudioVersion = 15.0.26730.12
MinimumVisualStudioVersion = 10.0.40219.1
Project("{FAE04EC0-301F-11D3-BF4B-00C04F79EFBC}") = "Romanyshyn_8(LINQ)", "Romanyshyn_8(LINQ)\Romanyshyn_8(LINQ).csproj", "{CC63CD13-86C3-411C-A3BF-5D13B9A81561}"
EndProject
Global
	GlobalSection(SolutionConfigurationPlatforms) = preSolution
		Debug|Any CPU = Debug|Any CPU
		Release|Any CPU = Release|Any CPU
	EndGlobalSection
	GlobalSection(ProjectConfigurationPlatforms) = postSolution
		{CC63CD13-86C3-411C-A3BF-5D13B9A81561}.Debug|Any CPU.ActiveCfg = Debug|Any CPU
		{CC63CD13-86C3-411C-A3BF-5D13B9A81561}.Debug|Any CPU.Build.0 = Debug|Any CPU
		{CC63CD13-86C3-411C-A3BF-5D13B9A81561}.Release|Any CPU.ActiveCfg = Release|Any CPU
		{CC63CD13-86C3-411C-A3BF-5D13B9A81561}.Release|Any CPU.Build.0 = Release|Any CPU
	EndGlobalSection
	GlobalSection(SolutionProperties) = preSolution
		HideSolutionNode = FALSE
	EndGlobalSection
	GlobalSection(ExtensibilityGlobals) = postSolution
		SolutionGuid = {B5FA0A81-5D04-4EC2-92F6-A54D7F6B95C1}
	EndGlobalSection
EndGlobal
