
Microsoft Visual Studio Solution File, Format Version 12.00
# Visual Studio 15
VisualStudioVersion = 15.0.26730.12
MinimumVisualStudioVersion = 10.0.40219.1
Project("{FAE04EC0-301F-11D3-BF4B-00C04F79EFBC}") = "Basic_04_task2", "Basic_04_task2\Basic_04_task2.csproj", "{1D0FE9B0-A9E6-4515-8671-43D0CAB3AD95}"
EndProject
Project("{FAE04EC0-301F-11D3-BF4B-00C04F79EFBC}") = "Basic_04_task1", "Basic_04_task1\Basic_04_task1.csproj", "{00D1D744-ED35-4A84-8ECF-6AF88219B7E0}"
EndProject
Global
	GlobalSection(SolutionConfigurationPlatforms) = preSolution
		Debug|Any CPU = Debug|Any CPU
		Release|Any CPU = Release|Any CPU
	EndGlobalSection
	GlobalSection(ProjectConfigurationPlatforms) = postSolution
		{1D0FE9B0-A9E6-4515-8671-43D0CAB3AD95}.Debug|Any CPU.ActiveCfg = Debug|Any CPU
		{1D0FE9B0-A9E6-4515-8671-43D0CAB3AD95}.Debug|Any CPU.Build.0 = Debug|Any CPU
		{1D0FE9B0-A9E6-4515-8671-43D0CAB3AD95}.Release|Any CPU.ActiveCfg = Release|Any CPU
		{1D0FE9B0-A9E6-4515-8671-43D0CAB3AD95}.Release|Any CPU.Build.0 = Release|Any CPU
		{00D1D744-ED35-4A84-8ECF-6AF88219B7E0}.Debug|Any CPU.ActiveCfg = Debug|Any CPU
		{00D1D744-ED35-4A84-8ECF-6AF88219B7E0}.Debug|Any CPU.Build.0 = Debug|Any CPU
		{00D1D744-ED35-4A84-8ECF-6AF88219B7E0}.Release|Any CPU.ActiveCfg = Release|Any CPU
		{00D1D744-ED35-4A84-8ECF-6AF88219B7E0}.Release|Any CPU.Build.0 = Release|Any CPU
	EndGlobalSection
	GlobalSection(SolutionProperties) = preSolution
		HideSolutionNode = FALSE
	EndGlobalSection
	GlobalSection(ExtensibilityGlobals) = postSolution
		SolutionGuid = {321E8D10-0147-43D2-84F9-00391CC882B8}
	EndGlobalSection
EndGlobal
