
Microsoft Visual Studio Solution File, Format Version 12.00
# Visual Studio 15
VisualStudioVersion = 15.0.27004.2005
MinimumVisualStudioVersion = 10.0.40219.1
Project("{FAE04EC0-301F-11D3-BF4B-00C04F79EFBC}") = "Tree", "Tree\Tree.csproj", "{2EA54EA9-E0FD-4EC7-A778-80025F051343}"
EndProject
Global
	GlobalSection(SolutionConfigurationPlatforms) = preSolution
		Debug|Any CPU = Debug|Any CPU
		Release|Any CPU = Release|Any CPU
	EndGlobalSection
	GlobalSection(ProjectConfigurationPlatforms) = postSolution
		{2EA54EA9-E0FD-4EC7-A778-80025F051343}.Debug|Any CPU.ActiveCfg = Debug|Any CPU
		{2EA54EA9-E0FD-4EC7-A778-80025F051343}.Debug|Any CPU.Build.0 = Debug|Any CPU
		{2EA54EA9-E0FD-4EC7-A778-80025F051343}.Release|Any CPU.ActiveCfg = Release|Any CPU
		{2EA54EA9-E0FD-4EC7-A778-80025F051343}.Release|Any CPU.Build.0 = Release|Any CPU
	EndGlobalSection
	GlobalSection(SolutionProperties) = preSolution
		HideSolutionNode = FALSE
	EndGlobalSection
	GlobalSection(ExtensibilityGlobals) = postSolution
		SolutionGuid = {73BFD75C-9F21-4682-9EB5-FFE05DED1ADF}
	EndGlobalSection
EndGlobal
